
Microsoft Visual Studio Solution File, Format Version 12.00
# Visual Studio Version 17
VisualStudioVersion = 17.10.35013.160
MinimumVisualStudioVersion = 10.0.40219.1
Project("{9A19103F-16F7-4668-BE54-9A1E7A4F7556}") = "Tresty.Collections", "src\Tresty.Collections\Tresty.Collections.csproj", "{686D6667-F39D-4965-AA3E-CE077319B42E}"
EndProject
Project("{2150E333-8FDC-42A3-9474-1A3956D46DE8}") = "src", "src", "{32D93937-B77E-4921-AEF1-681BCD8F5DC8}"
EndProject
Project("{2150E333-8FDC-42A3-9474-1A3956D46DE8}") = "build", "build", "{17611E20-C051-4EA6-8265-1A401C98229B}"
EndProject
Project("{2150E333-8FDC-42A3-9474-1A3956D46DE8}") = "test", "test", "{7625D2FC-AACE-468C-8B13-919E20C4D6F4}"
EndProject
Project("{9A19103F-16F7-4668-BE54-9A1E7A4F7556}") = "Build", "build\Build.csproj", "{5D0C8CD7-B116-4834-80D1-379791BF0871}"
EndProject
Project("{9A19103F-16F7-4668-BE54-9A1E7A4F7556}") = "Tresty.Collections.Tests", "test\Tresty.Collections.Tests\Tresty.Collections.Tests.csproj", "{8C0658CA-2DC0-4E4E-B292-016880853DF3}"
EndProject
Project("{9A19103F-16F7-4668-BE54-9A1E7A4F7556}") = "Tresty.Core", "Tresty.Core\Tresty.Core.csproj", "{4DE09F46-34BD-4044-B621-FA83FEDE19AE}"
EndProject
Project("{FAE04EC0-301F-11D3-BF4B-00C04F79EFBC}") = "Tresty.Core.Tests", "Tresty.Core.Tests\Tresty.Core.Tests.csproj", "{50E5C1CC-6731-4C5B-87FF-59B05CD05BE2}"
EndProject
Global
	GlobalSection(SolutionConfigurationPlatforms) = preSolution
		Debug|Any CPU = Debug|Any CPU
		Release|Any CPU = Release|Any CPU
	EndGlobalSection
	GlobalSection(ProjectConfigurationPlatforms) = postSolution
		{686D6667-F39D-4965-AA3E-CE077319B42E}.Debug|Any CPU.ActiveCfg = Debug|Any CPU
		{686D6667-F39D-4965-AA3E-CE077319B42E}.Debug|Any CPU.Build.0 = Debug|Any CPU
		{686D6667-F39D-4965-AA3E-CE077319B42E}.Release|Any CPU.ActiveCfg = Release|Any CPU
		{686D6667-F39D-4965-AA3E-CE077319B42E}.Release|Any CPU.Build.0 = Release|Any CPU
		{5D0C8CD7-B116-4834-80D1-379791BF0871}.Debug|Any CPU.ActiveCfg = Debug|Any CPU
		{5D0C8CD7-B116-4834-80D1-379791BF0871}.Debug|Any CPU.Build.0 = Debug|Any CPU
		{5D0C8CD7-B116-4834-80D1-379791BF0871}.Release|Any CPU.ActiveCfg = Release|Any CPU
		{5D0C8CD7-B116-4834-80D1-379791BF0871}.Release|Any CPU.Build.0 = Release|Any CPU
		{8C0658CA-2DC0-4E4E-B292-016880853DF3}.Debug|Any CPU.ActiveCfg = Debug|Any CPU
		{8C0658CA-2DC0-4E4E-B292-016880853DF3}.Debug|Any CPU.Build.0 = Debug|Any CPU
		{8C0658CA-2DC0-4E4E-B292-016880853DF3}.Release|Any CPU.ActiveCfg = Release|Any CPU
		{8C0658CA-2DC0-4E4E-B292-016880853DF3}.Release|Any CPU.Build.0 = Release|Any CPU
		{4DE09F46-34BD-4044-B621-FA83FEDE19AE}.Debug|Any CPU.ActiveCfg = Debug|Any CPU
		{4DE09F46-34BD-4044-B621-FA83FEDE19AE}.Debug|Any CPU.Build.0 = Debug|Any CPU
		{4DE09F46-34BD-4044-B621-FA83FEDE19AE}.Release|Any CPU.ActiveCfg = Release|Any CPU
		{4DE09F46-34BD-4044-B621-FA83FEDE19AE}.Release|Any CPU.Build.0 = Release|Any CPU
		{50E5C1CC-6731-4C5B-87FF-59B05CD05BE2}.Debug|Any CPU.ActiveCfg = Debug|Any CPU
		{50E5C1CC-6731-4C5B-87FF-59B05CD05BE2}.Debug|Any CPU.Build.0 = Debug|Any CPU
		{50E5C1CC-6731-4C5B-87FF-59B05CD05BE2}.Release|Any CPU.ActiveCfg = Release|Any CPU
		{50E5C1CC-6731-4C5B-87FF-59B05CD05BE2}.Release|Any CPU.Build.0 = Release|Any CPU
	EndGlobalSection
	GlobalSection(SolutionProperties) = preSolution
		HideSolutionNode = FALSE
	EndGlobalSection
	GlobalSection(NestedProjects) = preSolution
		{686D6667-F39D-4965-AA3E-CE077319B42E} = {32D93937-B77E-4921-AEF1-681BCD8F5DC8}
		{5D0C8CD7-B116-4834-80D1-379791BF0871} = {17611E20-C051-4EA6-8265-1A401C98229B}
		{8C0658CA-2DC0-4E4E-B292-016880853DF3} = {7625D2FC-AACE-468C-8B13-919E20C4D6F4}
		{4DE09F46-34BD-4044-B621-FA83FEDE19AE} = {32D93937-B77E-4921-AEF1-681BCD8F5DC8}
		{50E5C1CC-6731-4C5B-87FF-59B05CD05BE2} = {7625D2FC-AACE-468C-8B13-919E20C4D6F4}
	EndGlobalSection
	GlobalSection(ExtensibilityGlobals) = postSolution
		SolutionGuid = {3678E69B-9119-4045-AD13-353BEEF461F0}
	EndGlobalSection
EndGlobal
